// !$*UTF8*$!
{
	archiveVersion = 1;
	classes = {
	};
	objectVersion = 46;
	objects = {

/* Begin PBXBuildFile section */
		FBFDB6541E568C210015C79D /* AppDelegate.swift in Sources */ = {isa = PBXBuildFile; fileRef = FBFDB6531E568C210015C79D /* AppDelegate.swift */; };
		FBFDB6561E568C210015C79D /* ViewController.swift in Sources */ = {isa = PBXBuildFile; fileRef = FBFDB6551E568C210015C79D /* ViewController.swift */; };
		FBFDB6591E568C210015C79D /* Main.storyboard in Resources */ = {isa = PBXBuildFile; fileRef = FBFDB6571E568C210015C79D /* Main.storyboard */; };
		FBFDB65B1E568C210015C79D /* Assets.xcassets in Resources */ = {isa = PBXBuildFile; fileRef = FBFDB65A1E568C210015C79D /* Assets.xcassets */; };
		FBFDB65E1E568C210015C79D /* LaunchScreen.storyboard in Resources */ = {isa = PBXBuildFile; fileRef = FBFDB65C1E568C210015C79D /* LaunchScreen.storyboard */; };
/* End PBXBuildFile section */

/* Begin PBXFileReference section */
		FBFDB6501E568C200015C79D /* Practicando.app */ = {isa = PBXFileReference; explicitFileType = wrapper.application; includeInIndex = 0; path = Practicando.app; sourceTree = BUILT_PRODUCTS_DIR; };
		FBFDB6531E568C210015C79D /* AppDelegate.swift */ = {isa = PBXFileReference; lastKnownFileType = sourcecode.swift; path = AppDelegate.swift; sourceTree = "<group>"; };
		FBFDB6551E568C210015C79D /* ViewController.swift */ = {isa = PBXFileReference; lastKnownFileType = sourcecode.swift; path = ViewController.swift; sourceTree = "<group>"; };
		FBFDB6581E568C210015C79D /* Base */ = {isa = PBXFileReference; lastKnownFileType = file.storyboard; name = Base; path = Base.lproj/Main.storyboard; sourceTree = "<group>"; };
		FBFDB65A1E568C210015C79D /* Assets.xcassets */ = {isa = PBXFileReference; lastKnownFileType = folder.assetcatalog; path = Assets.xcassets; sourceTree = "<group>"; };
		FBFDB65D1E568C210015C79D /* Base */ = {isa = PBXFileReference; lastKnownFileType = file.storyboard; name = Base; path = Base.lproj/LaunchScreen.storyboard; sourceTree = "<group>"; };
		FBFDB65F1E568C210015C79D /* Info.plist */ = {isa = PBXFileReference; lastKnownFileType = text.plist.xml; path = Info.plist; sourceTree = "<group>"; };
/* End PBXFileReference section */

/* Begin PBXFrameworksBuildPhase section */
		FBFDB64D1E568C200015C79D /* Frameworks */ = {
			isa = PBXFrameworksBuildPhase;
			buildActionMask = 2147483647;
			files = (
			);
			runOnlyForDeploymentPostprocessing = 0;
		};
/* End PBXFrameworksBuildPhase section */

/* Begin PBXGroup section */
		FBFDB6471E568C200015C79D = {
			isa = PBXGroup;
			children = (
				FBFDB6521E568C210015C79D /* Practicando */,
				FBFDB6511E568C200015C79D /* Products */,
			);
			sourceTree = "<group>";
		};
		FBFDB6511E568C200015C79D /* Products */ = {
			isa = PBXGroup;
			children = (
				FBFDB6501E568C200015C79D /* Practicando.app */,
			);
			name = Products;
			sourceTree = "<group>";
		};
		FBFDB6521E568C210015C79D /* Practicando */ = {
			isa = PBXGroup;
			children = (
				FBFDB6531E568C210015C79D /* AppDelegate.swift */,
				FBFDB6551E568C210015C79D /* ViewController.swift */,
				FBFDB6571E568C210015C79D /* Main.storyboard */,
				FBFDB65A1E568C210015C79D /* Assets.xcassets */,
				FBFDB65C1E568C210015C79D /* LaunchScreen.storyboard */,
				FBFDB65F1E568C210015C79D /* Info.plist */,
			);
			path = Practicando;
			sourceTree = "<group>";
		};
/* End PBXGroup section */

/* Begin PBXNativeTarget section */
		FBFDB64F1E568C200015C79D /* Practicando */ = {
			isa = PBXNativeTarget;
			buildConfigurationList = FBFDB6621E568C210015C79D /* Build configuration list for PBXNativeTarget "Practicando" */;
			buildPhases = (
				FBFDB64C1E568C200015C79D /* Sources */,
				FBFDB64D1E568C200015C79D /* Frameworks */,
				FBFDB64E1E568C200015C79D /* Resources */,
			);
			buildRules = (
			);
			dependencies = (
			);
			name = Practicando;
			productName = Practicando;
			productReference = FBFDB6501E568C200015C79D /* Practicando.app */;
			productType = "com.apple.product-type.application";
		};
/* End PBXNativeTarget section */

/* Begin PBXProject section */
		FBFDB6481E568C200015C79D /* Project object */ = {
			isa = PBXProject;
			attributes = {
				LastSwiftUpdateCheck = 0800;
				LastUpgradeCheck = 0800;
				ORGANIZATIONNAME = alumno;
				TargetAttributes = {
					FBFDB64F1E568C200015C79D = {
						CreatedOnToolsVersion = 8.0;
						ProvisioningStyle = Automatic;
					};
				};
			};
			buildConfigurationList = FBFDB64B1E568C200015C79D /* Build configuration list for PBXProject "Practicando" */;
			compatibilityVersion = "Xcode 3.2";
			developmentRegion = English;
			hasScannedForEncodings = 0;
			knownRegions = (
				en,
				Base,
			);
			mainGroup = FBFDB6471E568C200015C79D;
			productRefGroup = FBFDB6511E568C200015C79D /* Products */;
			projectDirPath = "";
			projectRoot = "";
			targets = (
				FBFDB64F1E568C200015C79D /* Practicando */,
			);
		};
/* End PBXProject section */

/* Begin PBXResourcesBuildPhase section */
		FBFDB64E1E568C200015C79D /* Resources */ = {
			isa = PBXResourcesBuildPhase;
			buildActionMask = 2147483647;
			files = (
				FBFDB65E1E568C210015C79D /* LaunchScreen.storyboard in Resources */,
				FBFDB65B1E568C210015C79D /* Assets.xcassets in Resources */,
				FBFDB6591E568C210015C79D /* Main.storyboard in Resources */,
			);
			runOnlyForDeploymentPostprocessing = 0;
		};
/* End PBXResourcesBuildPhase section */

/* Begin PBXSourcesBuildPhase section */
		FBFDB64C1E568C200015C79D /* Sources */ = {
			isa = PBXSourcesBuildPhase;
			buildActionMask = 2147483647;
			files = (
				FBFDB6561E568C210015C79D /* ViewController.swift in Sources */,
				FBFDB6541E568C210015C79D /* AppDelegate.swift in Sources */,
			);
			runOnlyForDeploymentPostprocessing = 0;
		};
/* End PBXSourcesBuildPhase section */

/* Begin PBXVariantGroup section */
		FBFDB6571E568C210015C79D /* Main.storyboard */ = {
			isa = PBXVariantGroup;
			children = (
				FBFDB6581E568C210015C79D /* Base */,
			);
			name = Main.storyboard;
			sourceTree = "<group>";
		};
		FBFDB65C1E568C210015C79D /* LaunchScreen.storyboard */ = {
			isa = PBXVariantGroup;
			children = (
				FBFDB65D1E568C210015C79D /* Base */,
			);
			name = LaunchScreen.storyboard;
			sourceTree = "<group>";
		};
/* End PBXVariantGroup section */

/* Begin XCBuildConfiguration section */
		FBFDB6601E568C210015C79D /* Debug */ = {
			isa = XCBuildConfiguration;
			buildSettings = {
				ALWAYS_SEARCH_USER_PATHS = NO;
				CLANG_ANALYZER_NONNULL = YES;
				CLANG_CXX_LANGUAGE_STANDARD = "gnu++0x";
				CLANG_CXX_LIBRARY = "libc++";
				CLANG_ENABLE_MODULES = YES;
				CLANG_ENABLE_OBJC_ARC = YES;
				CLANG_WARN_BOOL_CONVERSION = YES;
				CLANG_WARN_CONSTANT_CONVERSION = YES;
				CLANG_WARN_DIRECT_OBJC_ISA_USAGE = YES_ERROR;
				CLANG_WARN_DOCUMENTATION_COMMENTS = YES;
				CLANG_WARN_EMPTY_BODY = YES;
				CLANG_WARN_ENUM_CONVERSION = YES;
				CLANG_WARN_INFINITE_RECURSION = YES;
				CLANG_WARN_INT_CONVERSION = YES;
				CLANG_WARN_OBJC_ROOT_CLASS = YES_ERROR;
				CLANG_WARN_SUSPICIOUS_MOVES = YES;
				CLANG_WARN_UNREACHABLE_CODE = YES;
				CLANG_WARN__DUPLICATE_METHOD_MATCH = YES;
				"CODE_SIGN_IDENTITY[sdk=iphoneos*]" = "iPhone Developer";
				COPY_PHASE_STRIP = NO;
				DEBUG_INFORMATION_FORMAT = dwarf;
				ENABLE_STRICT_OBJC_MSGSEND = YES;
				ENABLE_TESTABILITY = YES;
				GCC_C_LANGUAGE_STANDARD = gnu99;
				GCC_DYNAMIC_NO_PIC = NO;
				GCC_NO_COMMON_BLOCKS = YES;
				GCC_OPTIMIZATION_LEVEL = 0;
				GCC_PREPROCESSOR_DEFINITIONS = (
					"DEBUG=1",
					"$(inherited)",
				);
				GCC_WARN_64_TO_32_BIT_CONVERSION = YES;
				GCC_WARN_ABOUT_RETURN_TYPE = YES_ERROR;
				GCC_WARN_UNDECLARED_SELECTOR = YES;
				GCC_WARN_UNINITIALIZED_AUTOS = YES_AGGRESSIVE;
				GCC_WARN_UNUSED_FUNCTION = YES;
				GCC_WARN_UNUSED_VARIABLE = YES;
				IPHONEOS_DEPLOYMENT_TARGET = 10.0;
				MTL_ENABLE_DEBUG_INFO = YES;
				ONLY_ACTIVE_ARCH = YES;
				SDKROOT = iphoneos;
				SWIFT_ACTIVE_COMPILATION_CONDITIONS = DEBUG;
				SWIFT_OPTIMIZATION_LEVEL = "-Onone";
				TARGETED_DEVICE_FAMILY = "1,2";
			};
			name = Debug;
		};
		FBFDB6611E568C210015C79D /* Release */ = {
			isa = XCBuildConfiguration;
			buildSettings = {
				ALWAYS_SEARCH_USER_PATHS = NO;
				CLANG_ANALYZER_NONNULL = YES;
				CLANG_CXX_LANGUAGE_STANDARD = "gnu++0x";
				CLANG_CXX_LIBRARY = "libc++";
				CLANG_ENABLE_MODULES = YES;
				CLANG_ENABLE_OBJC_ARC = YES;
				CLANG_WARN_BOOL_CONVERSION = YES;
				CLANG_WARN_CONSTANT_CONVERSION = YES;
				CLANG_WARN_DIRECT_OBJC_ISA_USAGE = YES_ERROR;
				CLANG_WARN_DOCUMENTATION_COMMENTS = YES;
				CLANG_WARN_EMPTY_BODY = YES;
				CLANG_WARN_ENUM_CONVERSION = YES;
				CLANG_WARN_INFINITE_RECURSION = YES;
				CLANG_WARN_INT_CONVERSION = YES;
				CLANG_WARN_OBJC_ROOT_CLASS = YES_ERROR;
				CLANG_WARN_SUSPICIOUS_MOVES = YES;
				CLANG_WARN_UNREACHABLE_CODE = YES;
				CLANG_WARN__DUPLICATE_METHOD_MATCH = YES;
				"CODE_SIGN_IDENTITY[sdk=iphoneos*]" = "iPhone Developer";
				COPY_PHASE_STRIP = NO;
				DEBUG_INFORMATION_FORMAT = "dwarf-with-dsym";
				ENABLE_NS_ASSERTIONS = NO;
				ENABLE_STRICT_OBJC_MSGSEND = YES;
				GCC_C_LANGUAGE_STANDARD = gnu99;
				GCC_NO_COMMON_BLOCKS = YES;
				GCC_WARN_64_TO_32_BIT_CONVERSION = YES;
				GCC_WARN_ABOUT_RETURN_TYPE = YES_ERROR;
				GCC_WARN_UNDECLARED_SELECTOR = YES;
				GCC_WARN_UNINITIALIZED_AUTOS = YES_AGGRESSIVE;
				GCC_WARN_UNUSED_FUNCTION = YES;
				GCC_WARN_UNUSED_VARIABLE = YES;
				IPHONEOS_DEPLOYMENT_TARGET = 10.0;
				MTL_ENABLE_DEBUG_INFO = NO;
				SDKROOT = iphoneos;
				SWIFT_OPTIMIZATION_LEVEL = "-Owholemodule";
				TARGETED_DEVICE_FAMILY = "1,2";
				VALIDATE_PRODUCT = YES;
			};
			name = Release;
		};
		FBFDB6631E568C210015C79D /* Debug */ = {
			isa = XCBuildConfiguration;
			buildSettings = {
				ASSETCATALOG_COMPILER_APPICON_NAME = AppIcon;
				INFOPLIST_FILE = Practicando/Info.plist;
				LD_RUNPATH_SEARCH_PATHS = "$(inherited) @executable_path/Frameworks";
				PRODUCT_BUNDLE_IDENTIFIER = pe.sulca.Practicando;
				PRODUCT_NAME = "$(TARGET_NAME)";
				SWIFT_VERSION = 3.0;
			};
			name = Debug;
		};
		FBFDB6641E568C210015C79D /* Release */ = {
			isa = XCBuildConfiguration;
			buildSettings = {
				ASSETCATALOG_COMPILER_APPICON_NAME = AppIcon;
				INFOPLIST_FILE = Practicando/Info.plist;
				LD_RUNPATH_SEARCH_PATHS = "$(inherited) @executable_path/Frameworks";
				PRODUCT_BUNDLE_IDENTIFIER = pe.sulca.Practicando;
				PRODUCT_NAME = "$(TARGET_NAME)";
				SWIFT_VERSION = 3.0;
			};
			name = Release;
		};
/* End XCBuildConfiguration section */

/* Begin XCConfigurationList section */
		FBFDB64B1E568C200015C79D /* Build configuration list for PBXProject "Practicando" */ = {
			isa = XCConfigurationList;
			buildConfigurations = (
				FBFDB6601E568C210015C79D /* Debug */,
				FBFDB6611E568C210015C79D /* Release */,
			);
			defaultConfigurationIsVisible = 0;
			defaultConfigurationName = Release;
		};
		FBFDB6621E568C210015C79D /* Build configuration list for PBXNativeTarget "Practicando" */ = {
			isa = XCConfigurationList;
			buildConfigurations = (
				FBFDB6631E568C210015C79D /* Debug */,
				FBFDB6641E568C210015C79D /* Release */,
			);
			defaultConfigurationIsVisible = 0;
		};
/* End XCConfigurationList section */
	};
	rootObject = FBFDB6481E568C200015C79D /* Project object */;
}
